
Microsoft Visual Studio Solution File, Format Version 12.00
# Visual Studio 15
VisualStudioVersion = 15.0.27004.2006
MinimumVisualStudioVersion = 10.0.40219.1
Project("{8BC9CEB8-8B4A-11D0-8D11-00A0C91BC942}") = "MCDV", "MCDV\MCDV.vcxproj", "{3F5631FE-0F0C-4285-B301-66DA219121EC}"
EndProject
Project("{8BC9CEB8-8B4A-11D0-8D11-00A0C91BC942}") = "MCDV_Lib", "MCDV_Lib\MCDV_Lib.vcxproj", "{21F22CE8-5445-44FA-8561-D3B8E94D55C5}"
EndProject
Project("{FAE04EC0-301F-11D3-BF4B-00C04F79EFBC}") = "MCDV_Lib_Sharp", "MCDV_Lib_Sharp\MCDV_Lib_Sharp.csproj", "{71666EC8-527E-4C98-BD6F-2FC0AA104350}"
EndProject
Project("{FAE04EC0-301F-11D3-BF4B-00C04F79EFBC}") = "MCDV_Processor", "MCDV_Processor\MCDV_Processor.csproj", "{B9C44160-6699-4DFF-AD66-AD39D83E8A21}"
EndProject
Global
	GlobalSection(SolutionConfigurationPlatforms) = preSolution
		Debug|Any CPU = Debug|Any CPU
		Debug|x64 = Debug|x64
		Debug|x86 = Debug|x86
		Release|Any CPU = Release|Any CPU
		Release|x64 = Release|x64
		Release|x86 = Release|x86
	EndGlobalSection
	GlobalSection(ProjectConfigurationPlatforms) = postSolution
		{3F5631FE-0F0C-4285-B301-66DA219121EC}.Debug|Any CPU.ActiveCfg = Debug|Win32
		{3F5631FE-0F0C-4285-B301-66DA219121EC}.Debug|x64.ActiveCfg = Debug|x64
		{3F5631FE-0F0C-4285-B301-66DA219121EC}.Debug|x64.Build.0 = Debug|x64
		{3F5631FE-0F0C-4285-B301-66DA219121EC}.Debug|x86.ActiveCfg = Debug|Win32
		{3F5631FE-0F0C-4285-B301-66DA219121EC}.Debug|x86.Build.0 = Debug|Win32
		{3F5631FE-0F0C-4285-B301-66DA219121EC}.Release|Any CPU.ActiveCfg = Release|Win32
		{3F5631FE-0F0C-4285-B301-66DA219121EC}.Release|x64.ActiveCfg = Release|x64
		{3F5631FE-0F0C-4285-B301-66DA219121EC}.Release|x64.Build.0 = Release|x64
		{3F5631FE-0F0C-4285-B301-66DA219121EC}.Release|x86.ActiveCfg = Release|Win32
		{3F5631FE-0F0C-4285-B301-66DA219121EC}.Release|x86.Build.0 = Release|Win32
		{21F22CE8-5445-44FA-8561-D3B8E94D55C5}.Debug|Any CPU.ActiveCfg = Debug|Win32
		{21F22CE8-5445-44FA-8561-D3B8E94D55C5}.Debug|x64.ActiveCfg = Debug|x64
		{21F22CE8-5445-44FA-8561-D3B8E94D55C5}.Debug|x64.Build.0 = Debug|x64
		{21F22CE8-5445-44FA-8561-D3B8E94D55C5}.Debug|x86.ActiveCfg = Debug|Win32
		{21F22CE8-5445-44FA-8561-D3B8E94D55C5}.Debug|x86.Build.0 = Debug|Win32
		{21F22CE8-5445-44FA-8561-D3B8E94D55C5}.Release|Any CPU.ActiveCfg = Release|Win32
		{21F22CE8-5445-44FA-8561-D3B8E94D55C5}.Release|x64.ActiveCfg = Release|x64
		{21F22CE8-5445-44FA-8561-D3B8E94D55C5}.Release|x64.Build.0 = Release|x64
		{21F22CE8-5445-44FA-8561-D3B8E94D55C5}.Release|x86.ActiveCfg = Release|Win32
		{21F22CE8-5445-44FA-8561-D3B8E94D55C5}.Release|x86.Build.0 = Release|Win32
		{71666EC8-527E-4C98-BD6F-2FC0AA104350}.Debug|Any CPU.ActiveCfg = Debug|Any CPU
		{71666EC8-527E-4C98-BD6F-2FC0AA104350}.Debug|Any CPU.Build.0 = Debug|Any CPU
		{71666EC8-527E-4C98-BD6F-2FC0AA104350}.Debug|x64.ActiveCfg = Debug|Any CPU
		{71666EC8-527E-4C98-BD6F-2FC0AA104350}.Debug|x64.Build.0 = Debug|Any CPU
		{71666EC8-527E-4C98-BD6F-2FC0AA104350}.Debug|x86.ActiveCfg = Debug|Any CPU
		{71666EC8-527E-4C98-BD6F-2FC0AA104350}.Debug|x86.Build.0 = Debug|Any CPU
		{71666EC8-527E-4C98-BD6F-2FC0AA104350}.Release|Any CPU.ActiveCfg = Release|Any CPU
		{71666EC8-527E-4C98-BD6F-2FC0AA104350}.Release|Any CPU.Build.0 = Release|Any CPU
		{71666EC8-527E-4C98-BD6F-2FC0AA104350}.Release|x64.ActiveCfg = Release|Any CPU
		{71666EC8-527E-4C98-BD6F-2FC0AA104350}.Release|x64.Build.0 = Release|Any CPU
		{71666EC8-527E-4C98-BD6F-2FC0AA104350}.Release|x86.ActiveCfg = Release|Any CPU
		{71666EC8-527E-4C98-BD6F-2FC0AA104350}.Release|x86.Build.0 = Release|Any CPU
		{B9C44160-6699-4DFF-AD66-AD39D83E8A21}.Debug|Any CPU.ActiveCfg = Debug|Any CPU
		{B9C44160-6699-4DFF-AD66-AD39D83E8A21}.Debug|Any CPU.Build.0 = Debug|Any CPU
		{B9C44160-6699-4DFF-AD66-AD39D83E8A21}.Debug|x64.ActiveCfg = Debug|Any CPU
		{B9C44160-6699-4DFF-AD66-AD39D83E8A21}.Debug|x64.Build.0 = Debug|Any CPU
		{B9C44160-6699-4DFF-AD66-AD39D83E8A21}.Debug|x86.ActiveCfg = Debug|Any CPU
		{B9C44160-6699-4DFF-AD66-AD39D83E8A21}.Debug|x86.Build.0 = Debug|Any CPU
		{B9C44160-6699-4DFF-AD66-AD39D83E8A21}.Release|Any CPU.ActiveCfg = Release|Any CPU
		{B9C44160-6699-4DFF-AD66-AD39D83E8A21}.Release|Any CPU.Build.0 = Release|Any CPU
		{B9C44160-6699-4DFF-AD66-AD39D83E8A21}.Release|x64.ActiveCfg = Release|Any CPU
		{B9C44160-6699-4DFF-AD66-AD39D83E8A21}.Release|x64.Build.0 = Release|Any CPU
		{B9C44160-6699-4DFF-AD66-AD39D83E8A21}.Release|x86.ActiveCfg = Release|Any CPU
		{B9C44160-6699-4DFF-AD66-AD39D83E8A21}.Release|x86.Build.0 = Release|Any CPU
	EndGlobalSection
	GlobalSection(SolutionProperties) = preSolution
		HideSolutionNode = FALSE
	EndGlobalSection
	GlobalSection(ExtensibilityGlobals) = postSolution
		SolutionGuid = {3B7BB915-FD08-43BD-BEEE-9BC604D9D7CB}
	EndGlobalSection
EndGlobal
