<?xml version="1.0" encoding="utf-8"?>
<Project ToolsVersion="4.0" xmlns="http://schemas.microsoft.com/developer/msbuild/2003">
  <ItemGroup>
    <Filter Include="Header Files">
      <UniqueIdentifier>{93995380-89BD-4b04-88EB-625FBE52EBFB}</UniqueIdentifier>
      <Extensions>h;hh;hpp;hxx;hm;inl;inc;xsd</Extensions>
    </Filter>
    <Filter Include="Header Files\valve">
      <UniqueIdentifier>{7bab7443-7d1a-49fe-b941-c9d9d0dbaf93}</UniqueIdentifier>
    </Filter>
    <Filter Include="Header Files\math">
      <UniqueIdentifier>{0b54e0e4-2189-4f29-bda8-9189202872e1}</UniqueIdentifier>
    </Filter>
    <Filter Include="Header Files\valve\lumps">
      <UniqueIdentifier>{785843b8-1e06-43fa-a956-e59135ec825c}</UniqueIdentifier>
    </Filter>
    <Filter Include="Source Files">
      <UniqueIdentifier>{67DA6AB6-F800-4c08-8B7A-83BB121AAD01}</UniqueIdentifier>
      <Extensions>rc;ico;cur;bmp;dlg;rc2;rct;bin;rgs;gif;jpg;jpeg;jpe;resx;tiff;tif;png;wav;mfcribbon-ms</Extensions>
    </Filter>
    <Filter Include="OpenGL">
      <UniqueIdentifier>{35efb423-4a85-4253-8b28-3afbe1d90981}</UniqueIdentifier>
    </Filter>
    <Filter Include="OpenGL\Shader Files">
      <UniqueIdentifier>{4fc6d485-9fd0-4183-b874-e287a3ea1b54}</UniqueIdentifier>
    </Filter>
    <Filter Include="OpenGL\stb">
      <UniqueIdentifier>{8e9551e2-9fc1-4ae6-9979-c9ab83e8cfeb}</UniqueIdentifier>
    </Filter>
    <Filter Include="OpenGL\engine">
      <UniqueIdentifier>{ba697338-0a0c-4917-a742-5e182f96f7be}</UniqueIdentifier>
    </Filter>
    <Filter Include="Font Files">
      <UniqueIdentifier>{1d19365b-710e-41b8-862f-283759638b5c}</UniqueIdentifier>
    </Filter>
    <Filter Include="Header Files\direct3d">
      <UniqueIdentifier>{57e9ec73-5c2f-4840-b186-2e1c3287cf65}</UniqueIdentifier>
    </Filter>
    <Filter Include="Header Files\util">
      <UniqueIdentifier>{d74bb335-8fb5-4eb2-b1c1-4436cdc881cc}</UniqueIdentifier>
    </Filter>
    <Filter Include="DirectX">
      <UniqueIdentifier>{8b3c98a2-2206-421c-a73a-aac1740760da}</UniqueIdentifier>
    </Filter>
    <Filter Include="DirectX\Header Files">
      <UniqueIdentifier>{96ff50f9-7002-4605-bd17-da3ceca8be36}</UniqueIdentifier>
    </Filter>
  </ItemGroup>
  <ItemGroup>
    <ClInclude Include="interpolation.h">
      <Filter>Header Files\math</Filter>
    </ClInclude>
    <ClInclude Include="util.h">
      <Filter>Header Files</Filter>
    </ClInclude>
    <ClInclude Include="lumps_geometry.hpp">
      <Filter>Header Files\valve\lumps</Filter>
    </ClInclude>
    <ClInclude Include="generic.hpp">
      <Filter>Header Files\valve\lumps</Filter>
    </ClInclude>
    <ClInclude Include="vbsp.hpp">
      <Filter>Header Files\valve</Filter>
    </ClInclude>
    <ClInclude Include="vtx.hpp">
      <Filter>Header Files\valve</Filter>
    </ClInclude>
    <ClInclude Include="vvd.hpp">
      <Filter>Header Files\valve</Filter>
    </ClInclude>
    <ClInclude Include="lumps_visibility.hpp">
      <Filter>Header Files\valve\lumps</Filter>
    </ClInclude>
    <ClInclude Include="tbsp.hpp">
      <Filter>Header Files</Filter>
    </ClInclude>
    <ClInclude Include="gamelump.hpp">
      <Filter>Header Files\valve\lumps</Filter>
    </ClInclude>
    <ClInclude Include="stb_image.h">
      <Filter>OpenGL\stb</Filter>
    </ClInclude>
    <ClInclude Include="Shader.hpp">
      <Filter>OpenGL\engine</Filter>
    </ClInclude>
    <ClInclude Include="Mesh.hpp">
      <Filter>OpenGL\engine</Filter>
    </ClInclude>
    <ClInclude Include="Texture.hpp">
      <Filter>OpenGL\engine</Filter>
    </ClInclude>
    <ClInclude Include="Camera.hpp">
      <Filter>OpenGL\engine</Filter>
    </ClInclude>
    <ClInclude Include="GameObject.hpp">
      <Filter>OpenGL\engine</Filter>
    </ClInclude>
    <ClInclude Include="nav.hpp">
      <Filter>Header Files\valve</Filter>
    </ClInclude>
    <ClInclude Include="VectorOctTree.hpp">
      <Filter>OpenGL\engine</Filter>
    </ClInclude>
    <ClInclude Include="vdf.hpp">
      <Filter>Header Files\valve</Filter>
    </ClInclude>
    <ClInclude Include="radar.hpp">
      <Filter>Header Files\valve</Filter>
    </ClInclude>
    <ClInclude Include="TextFont.hpp">
      <Filter>OpenGL\engine</Filter>
    </ClInclude>
    <ClInclude Include="Console.hpp">
      <Filter>OpenGL\engine</Filter>
    </ClInclude>
    <ClInclude Include="FrameBuffer.hpp">
      <Filter>OpenGL\engine</Filter>
    </ClInclude>
    <ClInclude Include="stb_image_write.h">
      <Filter>OpenGL\stb</Filter>
    </ClInclude>
    <ClInclude Include="plane.h">
      <Filter>Header Files\math</Filter>
    </ClInclude>
    <ClInclude Include="convexPolytope.h">
      <Filter>Header Files\math</Filter>
    </ClInclude>
    <ClInclude Include="fuzzy_select.h">
      <Filter>Header Files\math</Filter>
    </ClInclude>
    <ClInclude Include="dds.hpp">
      <Filter>Header Files\direct3d</Filter>
    </ClInclude>
    <ClInclude Include="stb_dxt.h">
      <Filter>OpenGL\stb</Filter>
    </ClInclude>
    <ClInclude Include="cxxopts.hpp">
      <Filter>Header Files\util</Filter>
    </ClInclude>
    <ClInclude Include="wc.hpp">
      <Filter>Header Files\valve</Filter>
    </ClInclude>
    <ClInclude Include="GradientMap.hpp">
      <Filter>OpenGL\engine</Filter>
    </ClInclude>
    <ClInclude Include="vpk.hpp">
      <Filter>Header Files\valve</Filter>
    </ClInclude>
    <ClInclude Include="vfilesys.hpp">
      <Filter>Header Files</Filter>
    </ClInclude>
    <ClInclude Include="GBuffer.hpp">
      <Filter>OpenGL\engine</Filter>
    </ClInclude>
    <ClInclude Include="IRenderable.hpp">
      <Filter>OpenGL</Filter>
    </ClInclude>
    <ClInclude Include="vmf_new.hpp">
      <Filter>Header Files\valve</Filter>
    </ClInclude>
    <ClInclude Include="vmf.hpp">
      <Filter>Header Files\valve</Filter>
    </ClInclude>
    <ClInclude Include="SSAOKernel.hpp">
      <Filter>OpenGL\engine</Filter>
    </ClInclude>
    <ClInclude Include="tar_config.hpp">
      <Filter>Header Files\valve</Filter>
    </ClInclude>
    <ClInclude Include="main.h">
      <Filter>Header Files</Filter>
    </ClInclude>
    <ClInclude Include="dxrendering.h">
      <Filter>Header Files</Filter>
    </ClInclude>
    <ClInclude Include="DXShaderCombo.h">
      <Filter>Header Files</Filter>
    </ClInclude>
    <ClInclude Include="DXMesh.h">
      <Filter>DirectX\Header Files</Filter>
    </ClInclude>
    <ClInclude Include="DXVertexBuffer.h">
      <Filter>DirectX\Header Files</Filter>
    </ClInclude>
    <ClInclude Include="buildmode.h">
      <Filter>Header Files</Filter>
    </ClInclude>
  </ItemGroup>
  <ItemGroup>
    <ClCompile Include="glad.c">
      <Filter>OpenGL</Filter>
    </ClCompile>
    <ClCompile Include="GLFWUtil.hpp">
      <Filter>OpenGL\engine</Filter>
    </ClCompile>
    <ClCompile Include="main.cpp">
      <Filter>Source Files</Filter>
    </ClCompile>
    <ClCompile Include="dxrendering.cpp">
      <Filter>Source Files</Filter>
    </ClCompile>
  </ItemGroup>
  <ItemGroup>
    <None Include="shaders\worldgrid.fs">
      <Filter>OpenGL\Shader Files</Filter>
    </None>
    <None Include="shaders\worldgrid.vs">
      <Filter>OpenGL\Shader Files</Filter>
    </None>
    <None Include="shaders\depth.fs">
      <Filter>OpenGL\Shader Files</Filter>
    </None>
    <None Include="shaders\fullscreenbase.vs">
      <Filter>OpenGL\Shader Files</Filter>
    </None>
    <None Include="shaders\ss_precomp_playspace.fs">
      <Filter>OpenGL\Shader Files</Filter>
    </None>
    <None Include="shaders\ss_precomp_objectives.fs">
      <Filter>OpenGL\Shader Files</Filter>
    </None>
    <None Include="shaders\textfont.fs">
      <Filter>OpenGL\Shader Files</Filter>
    </None>
    <None Include="shaders\textfont.vs">
      <Filter>OpenGL\Shader Files</Filter>
    </None>
    <None Include="shaders\unlit.fs">
      <Filter>OpenGL\Shader Files</Filter>
    </None>
    <None Include="shaders\unlit.vs">
      <Filter>OpenGL\Shader Files</Filter>
    </None>
    <None Include="shaders\depth.vs">
      <Filter>OpenGL\Shader Files</Filter>
    </None>
    <None Include="mapinfo.fs">
      <Filter>OpenGL\Shader Files</Filter>
    </None>
    <None Include="shaders\gBuffer.fs">
      <Filter>OpenGL\Shader Files</Filter>
    </None>
    <None Include="shaders\gBuffer.vs">
      <Filter>OpenGL\Shader Files</Filter>
    </None>
    <None Include="shaders\fullscreenbase.fs">
      <Filter>OpenGL\Shader Files</Filter>
    </None>
    <None Include="shaders\dev.fs">
      <Filter>OpenGL\Shader Files</Filter>
    </None>
    <None Include="shaders\iBuffer.fs">
      <Filter>OpenGL\Shader Files</Filter>
    </None>
    <None Include="shaders\ss_comp_main.fso">
      <Filter>OpenGL\Shader Files</Filter>
    </None>
    <None Include="shaders\ss_comp_multilayer_blend.fs">
      <Filter>OpenGL\Shader Files</Filter>
    </None>
    <None Include="shaders\ss_comp_multilayer_finalstage.fs">
      <Filter>OpenGL\Shader Files</Filter>
    </None>
    <None Include="shaders\ss_fxaa.fs">
      <Filter>OpenGL\Shader Files</Filter>
    </None>
    <None Include="shaders\ss_msaa.fs">
      <Filter>OpenGL\Shader Files</Filter>
    </None>
  </ItemGroup>
  <ItemGroup>
    <Image Include="fonts\dina-r.png">
      <Filter>Font Files</Filter>
    </Image>
    <Image Include="fonts\dina-r-background.png">
      <Filter>Font Files</Filter>
    </Image>
  </ItemGroup>
</Project>